// !$*UTF8*$!
{
	archiveVersion = 1;
	classes = {
	};
	objectVersion = 56;
	objects = {

/* Begin PBXBuildFile section */
		240DF34D2B31C612004A465A /* TNVEDModel.xcdatamodeld in Sources */ = {isa = PBXBuildFile; fileRef = 240DF34B2B31C612004A465A /* TNVEDModel.xcdatamodeld */; };
		24147EB52B04A61500CA980A /* QuestionViewCell.swift in Sources */ = {isa = PBXBuildFile; fileRef = 24147EB42B04A61500CA980A /* QuestionViewCell.swift */; };
		24147EB92B06153E00CA980A /* CellConfigurable.swift in Sources */ = {isa = PBXBuildFile; fileRef = 24147EB82B06153E00CA980A /* CellConfigurable.swift */; };
		24147EBB2B061CDD00CA980A /* CalculateTVDataSource.swift in Sources */ = {isa = PBXBuildFile; fileRef = 24147EBA2B061CDD00CA980A /* CalculateTVDataSource.swift */; };
		241FA2FF2B0CE4BC0092F97E /* CalculateTVDelegate.swift in Sources */ = {isa = PBXBuildFile; fileRef = 241FA2FE2B0CE4BC0092F97E /* CalculateTVDelegate.swift */; };
		241FA3012B0CE4EB0092F97E /* UIColor.swift in Sources */ = {isa = PBXBuildFile; fileRef = 241FA3002B0CE4EB0092F97E /* UIColor.swift */; };
		241FA3042B0DF55B0092F97E /* LocationViewController.swift in Sources */ = {isa = PBXBuildFile; fileRef = 241FA3032B0DF55B0092F97E /* LocationViewController.swift */; };
		246C60A12B178F09003207BE /* ShippingDatabase.swift in Sources */ = {isa = PBXBuildFile; fileRef = 246C60A02B178F09003207BE /* ShippingDatabase.swift */; };
		246C60A42B186F0D003207BE /* TransportViewController.swift in Sources */ = {isa = PBXBuildFile; fileRef = 246C60A32B186F0D003207BE /* TransportViewController.swift */; };
		246C60A62B18731E003207BE /* CreateTableView.swift in Sources */ = {isa = PBXBuildFile; fileRef = 246C60A52B18731E003207BE /* CreateTableView.swift */; };
		246C60A92B187959003207BE /* TransportTVDataSource.swift in Sources */ = {isa = PBXBuildFile; fileRef = 246C60A82B187959003207BE /* TransportTVDataSource.swift */; };
		246C60AB2B187A0F003207BE /* TransportTVDelegate.swift in Sources */ = {isa = PBXBuildFile; fileRef = 246C60AA2B187A0F003207BE /* TransportTVDelegate.swift */; };
		246C60AF2B18E868003207BE /* TransportModel.swift in Sources */ = {isa = PBXBuildFile; fileRef = 246C60AE2B18E868003207BE /* TransportModel.swift */; };
		246C60B52B18F008003207BE /* CalculatorViewModel.swift in Sources */ = {isa = PBXBuildFile; fileRef = 246C60B42B18F007003207BE /* CalculatorViewModel.swift */; };
		247B05702AFD0F1500B1336C /* BaseCell.swift in Sources */ = {isa = PBXBuildFile; fileRef = 247B056F2AFD0F1500B1336C /* BaseCell.swift */; };
		247B05722B0241CA00B1336C /* CellData.swift in Sources */ = {isa = PBXBuildFile; fileRef = 247B05712B0241CA00B1336C /* CellData.swift */; };
		24BAEB1C2AE949BB0087C52F /* AppDelegate.swift in Sources */ = {isa = PBXBuildFile; fileRef = 24BAEB1B2AE949BB0087C52F /* AppDelegate.swift */; };
		24BAEB1E2AE949BB0087C52F /* SceneDelegate.swift in Sources */ = {isa = PBXBuildFile; fileRef = 24BAEB1D2AE949BB0087C52F /* SceneDelegate.swift */; };
		24BAEB202AE949BB0087C52F /* CalculateViewController.swift in Sources */ = {isa = PBXBuildFile; fileRef = 24BAEB1F2AE949BB0087C52F /* CalculateViewController.swift */; };
		24BAEB252AE949BE0087C52F /* Assets.xcassets in Resources */ = {isa = PBXBuildFile; fileRef = 24BAEB242AE949BE0087C52F /* Assets.xcassets */; };
		24BAEB282AE949BE0087C52F /* LaunchScreen.storyboard in Resources */ = {isa = PBXBuildFile; fileRef = 24BAEB262AE949BE0087C52F /* LaunchScreen.storyboard */; };
		24BAEB332AE949BE0087C52F /* NewEasyWayTests.swift in Sources */ = {isa = PBXBuildFile; fileRef = 24BAEB322AE949BE0087C52F /* NewEasyWayTests.swift */; };
		24BAEB3D2AE949BE0087C52F /* NewEasyWayUITests.swift in Sources */ = {isa = PBXBuildFile; fileRef = 24BAEB3C2AE949BE0087C52F /* NewEasyWayUITests.swift */; };
		24BAEB3F2AE949BE0087C52F /* NewEasyWayUITestsLaunchTests.swift in Sources */ = {isa = PBXBuildFile; fileRef = 24BAEB3E2AE949BE0087C52F /* NewEasyWayUITestsLaunchTests.swift */; };
		24BAEB4D2AF932880087C52F /* ShippingRequest.swift in Sources */ = {isa = PBXBuildFile; fileRef = 24BAEB4C2AF932880087C52F /* ShippingRequest.swift */; };
		24BAEB502AF933500087C52F /* TransportProtocol.swift in Sources */ = {isa = PBXBuildFile; fileRef = 24BAEB4F2AF933500087C52F /* TransportProtocol.swift */; };
		24BAEB532AF93C430087C52F /* AutoTransport.swift in Sources */ = {isa = PBXBuildFile; fileRef = 24BAEB522AF93C430087C52F /* AutoTransport.swift */; };
		24BAEB552AF93CBA0087C52F /* AirTransport.swift in Sources */ = {isa = PBXBuildFile; fileRef = 24BAEB542AF93CBA0087C52F /* AirTransport.swift */; };
		24BAEB572AF93D0B0087C52F /* RailwayTransport.swift in Sources */ = {isa = PBXBuildFile; fileRef = 24BAEB562AF93D0B0087C52F /* RailwayTransport.swift */; };
		24BAEB592AF93D470087C52F /* MultimodalTransport.swift in Sources */ = {isa = PBXBuildFile; fileRef = 24BAEB582AF93D470087C52F /* MultimodalTransport.swift */; };
		24BAEB5C2AF93E080087C52F /* TransportFactory.swift in Sources */ = {isa = PBXBuildFile; fileRef = 24BAEB5B2AF93E080087C52F /* TransportFactory.swift */; };
		24BAEB5E2AF93F3C0087C52F /* ConcreteTransportFactory.swift in Sources */ = {isa = PBXBuildFile; fileRef = 24BAEB5D2AF93F3C0087C52F /* ConcreteTransportFactory.swift */; };
		24BAEB602AF93FF80087C52F /* SeaTransport.swift in Sources */ = {isa = PBXBuildFile; fileRef = 24BAEB5F2AF93FF80087C52F /* SeaTransport.swift */; };
		24BAEB672AF944FA0087C52F /* CalculateModel.swift in Sources */ = {isa = PBXBuildFile; fileRef = 24BAEB662AF944FA0087C52F /* CalculateModel.swift */; };
		24BAEB692AF94E6E0087C52F /* MainTabBarController.swift in Sources */ = {isa = PBXBuildFile; fileRef = 24BAEB682AF94E6E0087C52F /* MainTabBarController.swift */; };
		24BAEB6B2AF956640087C52F /* MainViewController.swift in Sources */ = {isa = PBXBuildFile; fileRef = 24BAEB6A2AF956640087C52F /* MainViewController.swift */; };
		24C9A7F52B19D1BE008AF2D7 /* TransportDelegate.swift in Sources */ = {isa = PBXBuildFile; fileRef = 24C9A7F42B19D1BE008AF2D7 /* TransportDelegate.swift */; };
		24C9A7F72B19D245008AF2D7 /* CalculateTransportDelegate.swift in Sources */ = {isa = PBXBuildFile; fileRef = 24C9A7F62B19D245008AF2D7 /* CalculateTransportDelegate.swift */; };
		24C9A7FA2B19EDCA008AF2D7 /* RequestViewController.swift in Sources */ = {isa = PBXBuildFile; fileRef = 24C9A7F92B19EDCA008AF2D7 /* RequestViewController.swift */; };
		24C9A7FC2B19F4FF008AF2D7 /* CreateButton.swift in Sources */ = {isa = PBXBuildFile; fileRef = 24C9A7FB2B19F4FF008AF2D7 /* CreateButton.swift */; };
		24C9A7FF2B19FC8B008AF2D7 /* ContactsViewController.swift in Sources */ = {isa = PBXBuildFile; fileRef = 24C9A7FE2B19FC8B008AF2D7 /* ContactsViewController.swift */; };
		24C9A8052B1DC38E008AF2D7 /* ProfileButton.swift in Sources */ = {isa = PBXBuildFile; fileRef = 24C9A8042B1DC38E008AF2D7 /* ProfileButton.swift */; };
		24C9A8062B1DD8C7008AF2D7 /* Yeseva One.ttf in Resources */ = {isa = PBXBuildFile; fileRef = 24C9A8022B1A030F008AF2D7 /* Yeseva One.ttf */; };
		24C9A8092B1DDCFC008AF2D7 /* ContactsTVDS.swift in Sources */ = {isa = PBXBuildFile; fileRef = 24C9A8082B1DDCFC008AF2D7 /* ContactsTVDS.swift */; };
		24C9A80B2B1DDE9D008AF2D7 /* ContactsTVDelegate.swift in Sources */ = {isa = PBXBuildFile; fileRef = 24C9A80A2B1DDE9D008AF2D7 /* ContactsTVDelegate.swift */; };
		24C9A80E2B1E04F4008AF2D7 /* ContactViewCell.swift in Sources */ = {isa = PBXBuildFile; fileRef = 24C9A80D2B1E04F4008AF2D7 /* ContactViewCell.swift */; };
		24C9A8102B1E1746008AF2D7 /* ContactsModel.swift in Sources */ = {isa = PBXBuildFile; fileRef = 24C9A80F2B1E1746008AF2D7 /* ContactsModel.swift */; };
		24C9A8122B1F2896008AF2D7 /* ContactsFooterView.swift in Sources */ = {isa = PBXBuildFile; fileRef = 24C9A8112B1F2896008AF2D7 /* ContactsFooterView.swift */; };
		24C9A8142B1F3CED008AF2D7 /* ContactsFooterDelegate.swift in Sources */ = {isa = PBXBuildFile; fileRef = 24C9A8132B1F3CED008AF2D7 /* ContactsFooterDelegate.swift */; };
		24C9A8192B1F624F008AF2D7 /* DetailsViewController.swift in Sources */ = {isa = PBXBuildFile; fileRef = 24C9A8182B1F624F008AF2D7 /* DetailsViewController.swift */; };
		24C9A81B2B1F6F22008AF2D7 /* DetailsContactsModel.swift in Sources */ = {isa = PBXBuildFile; fileRef = 24C9A81A2B1F6F22008AF2D7 /* DetailsContactsModel.swift */; };
		24C9A81D2B20ABA9008AF2D7 /* CreateLogoImageView.swift in Sources */ = {isa = PBXBuildFile; fileRef = 24C9A81C2B20ABA9008AF2D7 /* CreateLogoImageView.swift */; };
		24C9A81F2B20C892008AF2D7 /* LocationTVDataSource.swift in Sources */ = {isa = PBXBuildFile; fileRef = 24C9A81E2B20C891008AF2D7 /* LocationTVDataSource.swift */; };
		24C9A8212B20C8AA008AF2D7 /* LocationTVDelegate.swift in Sources */ = {isa = PBXBuildFile; fileRef = 24C9A8202B20C8AA008AF2D7 /* LocationTVDelegate.swift */; };
		24C9A8232B222C3B008AF2D7 /* ShippingDataDelegate.swift in Sources */ = {isa = PBXBuildFile; fileRef = 24C9A8222B222C3B008AF2D7 /* ShippingDataDelegate.swift */; };
		24C9A8262B2335CD008AF2D7 /* RequestTVDataSource.swift in Sources */ = {isa = PBXBuildFile; fileRef = 24C9A8252B2335CD008AF2D7 /* RequestTVDataSource.swift */; };
		24C9A8282B2335E0008AF2D7 /* RequestTVDelegate.swift in Sources */ = {isa = PBXBuildFile; fileRef = 24C9A8272B2335E0008AF2D7 /* RequestTVDelegate.swift */; };
		24C9A8382B272B5A008AF2D7 /* ContactsManager.swift in Sources */ = {isa = PBXBuildFile; fileRef = 24C9A8372B272B5A008AF2D7 /* ContactsManager.swift */; };
		24C9A8402B2881F3008AF2D7 /* CountriesViewController.swift in Sources */ = {isa = PBXBuildFile; fileRef = 24C9A83F2B2881F3008AF2D7 /* CountriesViewController.swift */; };
		24C9A8432B2882EB008AF2D7 /* CountriesTVDataSource.swift in Sources */ = {isa = PBXBuildFile; fileRef = 24C9A8422B2882EB008AF2D7 /* CountriesTVDataSource.swift */; };
		24C9A8452B288333008AF2D7 /* CountriesTVDelegate.swift in Sources */ = {isa = PBXBuildFile; fileRef = 24C9A8442B288333008AF2D7 /* CountriesTVDelegate.swift */; };
		24C9A8482B28838D008AF2D7 /* BaseViewController.swift in Sources */ = {isa = PBXBuildFile; fileRef = 24C9A8472B28838D008AF2D7 /* BaseViewController.swift */; };
		24C9A84A2B28A58E008AF2D7 /* String.swift in Sources */ = {isa = PBXBuildFile; fileRef = 24C9A8492B28A58E008AF2D7 /* String.swift */; };
		24FCAFB22B30922500F7F303 /* CalculateLocationDelegate.swift in Sources */ = {isa = PBXBuildFile; fileRef = 24FCAFB12B30922500F7F303 /* CalculateLocationDelegate.swift */; };
		24FCAFB42B30930000F7F303 /* LocationDelegate.swift in Sources */ = {isa = PBXBuildFile; fileRef = 24FCAFB32B30930000F7F303 /* LocationDelegate.swift */; };
/* End PBXBuildFile section */

/* Begin PBXContainerItemProxy section */
		24BAEB2F2AE949BE0087C52F /* PBXContainerItemProxy */ = {
			isa = PBXContainerItemProxy;
			containerPortal = 24BAEB102AE949BB0087C52F /* Project object */;
			proxyType = 1;
			remoteGlobalIDString = 24BAEB172AE949BB0087C52F;
			remoteInfo = NewEasyWay;
		};
		24BAEB392AE949BE0087C52F /* PBXContainerItemProxy */ = {
			isa = PBXContainerItemProxy;
			containerPortal = 24BAEB102AE949BB0087C52F /* Project object */;
			proxyType = 1;
			remoteGlobalIDString = 24BAEB172AE949BB0087C52F;
			remoteInfo = NewEasyWay;
		};
/* End PBXContainerItemProxy section */

/* Begin PBXFileReference section */
		240DF34C2B31C612004A465A /* TNVEDModel.xcdatamodel */ = {isa = PBXFileReference; lastKnownFileType = wrapper.xcdatamodel; path = TNVEDModel.xcdatamodel; sourceTree = "<group>"; };
		24147EB42B04A61500CA980A /* QuestionViewCell.swift */ = {isa = PBXFileReference; lastKnownFileType = sourcecode.swift; path = QuestionViewCell.swift; sourceTree = "<group>"; };
		24147EB82B06153E00CA980A /* CellConfigurable.swift */ = {isa = PBXFileReference; lastKnownFileType = sourcecode.swift; path = CellConfigurable.swift; sourceTree = "<group>"; };
		24147EBA2B061CDD00CA980A /* CalculateTVDataSource.swift */ = {isa = PBXFileReference; lastKnownFileType = sourcecode.swift; path = CalculateTVDataSource.swift; sourceTree = "<group>"; };
		241FA2FE2B0CE4BC0092F97E /* CalculateTVDelegate.swift */ = {isa = PBXFileReference; lastKnownFileType = sourcecode.swift; path = CalculateTVDelegate.swift; sourceTree = "<group>"; };
		241FA3002B0CE4EB0092F97E /* UIColor.swift */ = {isa = PBXFileReference; lastKnownFileType = sourcecode.swift; path = UIColor.swift; sourceTree = "<group>"; };
		241FA3032B0DF55B0092F97E /* LocationViewController.swift */ = {isa = PBXFileReference; lastKnownFileType = sourcecode.swift; path = LocationViewController.swift; sourceTree = "<group>"; };
		246C60A02B178F09003207BE /* ShippingDatabase.swift */ = {isa = PBXFileReference; lastKnownFileType = sourcecode.swift; path = ShippingDatabase.swift; sourceTree = "<group>"; };
		246C60A32B186F0D003207BE /* TransportViewController.swift */ = {isa = PBXFileReference; lastKnownFileType = sourcecode.swift; path = TransportViewController.swift; sourceTree = "<group>"; };
		246C60A52B18731E003207BE /* CreateTableView.swift */ = {isa = PBXFileReference; lastKnownFileType = sourcecode.swift; path = CreateTableView.swift; sourceTree = "<group>"; };
		246C60A82B187959003207BE /* TransportTVDataSource.swift */ = {isa = PBXFileReference; lastKnownFileType = sourcecode.swift; path = TransportTVDataSource.swift; sourceTree = "<group>"; };
		246C60AA2B187A0F003207BE /* TransportTVDelegate.swift */ = {isa = PBXFileReference; lastKnownFileType = sourcecode.swift; path = TransportTVDelegate.swift; sourceTree = "<group>"; };
		246C60AE2B18E868003207BE /* TransportModel.swift */ = {isa = PBXFileReference; lastKnownFileType = sourcecode.swift; path = TransportModel.swift; sourceTree = "<group>"; };
		246C60B42B18F007003207BE /* CalculatorViewModel.swift */ = {isa = PBXFileReference; lastKnownFileType = sourcecode.swift; path = CalculatorViewModel.swift; sourceTree = "<group>"; };
		247B056F2AFD0F1500B1336C /* BaseCell.swift */ = {isa = PBXFileReference; lastKnownFileType = sourcecode.swift; path = BaseCell.swift; sourceTree = "<group>"; };
		247B05712B0241CA00B1336C /* CellData.swift */ = {isa = PBXFileReference; lastKnownFileType = sourcecode.swift; path = CellData.swift; sourceTree = "<group>"; };
		24BAEB182AE949BB0087C52F /* NewEasyWay.app */ = {isa = PBXFileReference; explicitFileType = wrapper.application; includeInIndex = 0; path = NewEasyWay.app; sourceTree = BUILT_PRODUCTS_DIR; };
		24BAEB1B2AE949BB0087C52F /* AppDelegate.swift */ = {isa = PBXFileReference; lastKnownFileType = sourcecode.swift; path = AppDelegate.swift; sourceTree = "<group>"; };
		24BAEB1D2AE949BB0087C52F /* SceneDelegate.swift */ = {isa = PBXFileReference; lastKnownFileType = sourcecode.swift; path = SceneDelegate.swift; sourceTree = "<group>"; };
		24BAEB1F2AE949BB0087C52F /* CalculateViewController.swift */ = {isa = PBXFileReference; lastKnownFileType = sourcecode.swift; path = CalculateViewController.swift; sourceTree = "<group>"; };
		24BAEB242AE949BE0087C52F /* Assets.xcassets */ = {isa = PBXFileReference; lastKnownFileType = folder.assetcatalog; path = Assets.xcassets; sourceTree = "<group>"; };
		24BAEB272AE949BE0087C52F /* Base */ = {isa = PBXFileReference; lastKnownFileType = file.storyboard; name = Base; path = Base.lproj/LaunchScreen.storyboard; sourceTree = "<group>"; };
		24BAEB292AE949BE0087C52F /* Info.plist */ = {isa = PBXFileReference; lastKnownFileType = text.plist.xml; path = Info.plist; sourceTree = "<group>"; };
		24BAEB2E2AE949BE0087C52F /* NewEasyWayTests.xctest */ = {isa = PBXFileReference; explicitFileType = wrapper.cfbundle; includeInIndex = 0; path = NewEasyWayTests.xctest; sourceTree = BUILT_PRODUCTS_DIR; };
		24BAEB322AE949BE0087C52F /* NewEasyWayTests.swift */ = {isa = PBXFileReference; lastKnownFileType = sourcecode.swift; path = NewEasyWayTests.swift; sourceTree = "<group>"; };
		24BAEB382AE949BE0087C52F /* NewEasyWayUITests.xctest */ = {isa = PBXFileReference; explicitFileType = wrapper.cfbundle; includeInIndex = 0; path = NewEasyWayUITests.xctest; sourceTree = BUILT_PRODUCTS_DIR; };
		24BAEB3C2AE949BE0087C52F /* NewEasyWayUITests.swift */ = {isa = PBXFileReference; lastKnownFileType = sourcecode.swift; path = NewEasyWayUITests.swift; sourceTree = "<group>"; };
		24BAEB3E2AE949BE0087C52F /* NewEasyWayUITestsLaunchTests.swift */ = {isa = PBXFileReference; lastKnownFileType = sourcecode.swift; path = NewEasyWayUITestsLaunchTests.swift; sourceTree = "<group>"; };
		24BAEB4C2AF932880087C52F /* ShippingRequest.swift */ = {isa = PBXFileReference; lastKnownFileType = sourcecode.swift; path = ShippingRequest.swift; sourceTree = "<group>"; };
		24BAEB4F2AF933500087C52F /* TransportProtocol.swift */ = {isa = PBXFileReference; lastKnownFileType = sourcecode.swift; path = TransportProtocol.swift; sourceTree = "<group>"; };
		24BAEB522AF93C430087C52F /* AutoTransport.swift */ = {isa = PBXFileReference; lastKnownFileType = sourcecode.swift; path = AutoTransport.swift; sourceTree = "<group>"; };
		24BAEB542AF93CBA0087C52F /* AirTransport.swift */ = {isa = PBXFileReference; lastKnownFileType = sourcecode.swift; path = AirTransport.swift; sourceTree = "<group>"; };
		24BAEB562AF93D0B0087C52F /* RailwayTransport.swift */ = {isa = PBXFileReference; lastKnownFileType = sourcecode.swift; path = RailwayTransport.swift; sourceTree = "<group>"; };
		24BAEB582AF93D470087C52F /* MultimodalTransport.swift */ = {isa = PBXFileReference; lastKnownFileType = sourcecode.swift; path = MultimodalTransport.swift; sourceTree = "<group>"; };
		24BAEB5B2AF93E080087C52F /* TransportFactory.swift */ = {isa = PBXFileReference; lastKnownFileType = sourcecode.swift; path = TransportFactory.swift; sourceTree = "<group>"; };
		24BAEB5D2AF93F3C0087C52F /* ConcreteTransportFactory.swift */ = {isa = PBXFileReference; lastKnownFileType = sourcecode.swift; path = ConcreteTransportFactory.swift; sourceTree = "<group>"; };
		24BAEB5F2AF93FF80087C52F /* SeaTransport.swift */ = {isa = PBXFileReference; lastKnownFileType = sourcecode.swift; path = SeaTransport.swift; sourceTree = "<group>"; };
		24BAEB662AF944FA0087C52F /* CalculateModel.swift */ = {isa = PBXFileReference; lastKnownFileType = sourcecode.swift; path = CalculateModel.swift; sourceTree = "<group>"; };
		24BAEB682AF94E6E0087C52F /* MainTabBarController.swift */ = {isa = PBXFileReference; lastKnownFileType = sourcecode.swift; path = MainTabBarController.swift; sourceTree = "<group>"; };
		24BAEB6A2AF956640087C52F /* MainViewController.swift */ = {isa = PBXFileReference; lastKnownFileType = sourcecode.swift; path = MainViewController.swift; sourceTree = "<group>"; };
		24C9A7F42B19D1BE008AF2D7 /* TransportDelegate.swift */ = {isa = PBXFileReference; lastKnownFileType = sourcecode.swift; path = TransportDelegate.swift; sourceTree = "<group>"; };
		24C9A7F62B19D245008AF2D7 /* CalculateTransportDelegate.swift */ = {isa = PBXFileReference; lastKnownFileType = sourcecode.swift; path = CalculateTransportDelegate.swift; sourceTree = "<group>"; };
		24C9A7F92B19EDCA008AF2D7 /* RequestViewController.swift */ = {isa = PBXFileReference; lastKnownFileType = sourcecode.swift; path = RequestViewController.swift; sourceTree = "<group>"; };
		24C9A7FB2B19F4FF008AF2D7 /* CreateButton.swift */ = {isa = PBXFileReference; lastKnownFileType = sourcecode.swift; path = CreateButton.swift; sourceTree = "<group>"; };
		24C9A7FE2B19FC8B008AF2D7 /* ContactsViewController.swift */ = {isa = PBXFileReference; lastKnownFileType = sourcecode.swift; path = ContactsViewController.swift; sourceTree = "<group>"; };
		24C9A8022B1A030F008AF2D7 /* Yeseva One.ttf */ = {isa = PBXFileReference; lastKnownFileType = file; path = "Yeseva One.ttf"; sourceTree = "<group>"; };
		24C9A8042B1DC38E008AF2D7 /* ProfileButton.swift */ = {isa = PBXFileReference; lastKnownFileType = sourcecode.swift; path = ProfileButton.swift; sourceTree = "<group>"; };
		24C9A8082B1DDCFC008AF2D7 /* ContactsTVDS.swift */ = {isa = PBXFileReference; lastKnownFileType = sourcecode.swift; path = ContactsTVDS.swift; sourceTree = "<group>"; };
		24C9A80A2B1DDE9D008AF2D7 /* ContactsTVDelegate.swift */ = {isa = PBXFileReference; lastKnownFileType = sourcecode.swift; path = ContactsTVDelegate.swift; sourceTree = "<group>"; };
		24C9A80D2B1E04F4008AF2D7 /* ContactViewCell.swift */ = {isa = PBXFileReference; lastKnownFileType = sourcecode.swift; path = ContactViewCell.swift; sourceTree = "<group>"; };
		24C9A80F2B1E1746008AF2D7 /* ContactsModel.swift */ = {isa = PBXFileReference; lastKnownFileType = sourcecode.swift; path = ContactsModel.swift; sourceTree = "<group>"; };
		24C9A8112B1F2896008AF2D7 /* ContactsFooterView.swift */ = {isa = PBXFileReference; lastKnownFileType = sourcecode.swift; path = ContactsFooterView.swift; sourceTree = "<group>"; };
		24C9A8132B1F3CED008AF2D7 /* ContactsFooterDelegate.swift */ = {isa = PBXFileReference; lastKnownFileType = sourcecode.swift; path = ContactsFooterDelegate.swift; sourceTree = "<group>"; };
		24C9A8182B1F624F008AF2D7 /* DetailsViewController.swift */ = {isa = PBXFileReference; lastKnownFileType = sourcecode.swift; path = DetailsViewController.swift; sourceTree = "<group>"; };
		24C9A81A2B1F6F22008AF2D7 /* DetailsContactsModel.swift */ = {isa = PBXFileReference; lastKnownFileType = sourcecode.swift; path = DetailsContactsModel.swift; sourceTree = "<group>"; };
		24C9A81C2B20ABA9008AF2D7 /* CreateLogoImageView.swift */ = {isa = PBXFileReference; lastKnownFileType = sourcecode.swift; path = CreateLogoImageView.swift; sourceTree = "<group>"; };
		24C9A81E2B20C891008AF2D7 /* LocationTVDataSource.swift */ = {isa = PBXFileReference; lastKnownFileType = sourcecode.swift; path = LocationTVDataSource.swift; sourceTree = "<group>"; };
		24C9A8202B20C8AA008AF2D7 /* LocationTVDelegate.swift */ = {isa = PBXFileReference; lastKnownFileType = sourcecode.swift; path = LocationTVDelegate.swift; sourceTree = "<group>"; };
		24C9A8222B222C3B008AF2D7 /* ShippingDataDelegate.swift */ = {isa = PBXFileReference; lastKnownFileType = sourcecode.swift; path = ShippingDataDelegate.swift; sourceTree = "<group>"; };
		24C9A8252B2335CD008AF2D7 /* RequestTVDataSource.swift */ = {isa = PBXFileReference; lastKnownFileType = sourcecode.swift; path = RequestTVDataSource.swift; sourceTree = "<group>"; };
		24C9A8272B2335E0008AF2D7 /* RequestTVDelegate.swift */ = {isa = PBXFileReference; lastKnownFileType = sourcecode.swift; path = RequestTVDelegate.swift; sourceTree = "<group>"; };
		24C9A8372B272B5A008AF2D7 /* ContactsManager.swift */ = {isa = PBXFileReference; lastKnownFileType = sourcecode.swift; path = ContactsManager.swift; sourceTree = "<group>"; };
		24C9A83F2B2881F3008AF2D7 /* CountriesViewController.swift */ = {isa = PBXFileReference; lastKnownFileType = sourcecode.swift; path = CountriesViewController.swift; sourceTree = "<group>"; };
		24C9A8422B2882EB008AF2D7 /* CountriesTVDataSource.swift */ = {isa = PBXFileReference; lastKnownFileType = sourcecode.swift; path = CountriesTVDataSource.swift; sourceTree = "<group>"; };
		24C9A8442B288333008AF2D7 /* CountriesTVDelegate.swift */ = {isa = PBXFileReference; lastKnownFileType = sourcecode.swift; path = CountriesTVDelegate.swift; sourceTree = "<group>"; };
		24C9A8472B28838D008AF2D7 /* BaseViewController.swift */ = {isa = PBXFileReference; lastKnownFileType = sourcecode.swift; path = BaseViewController.swift; sourceTree = "<group>"; };
		24C9A8492B28A58E008AF2D7 /* String.swift */ = {isa = PBXFileReference; lastKnownFileType = sourcecode.swift; path = String.swift; sourceTree = "<group>"; };
		24FCAFB12B30922500F7F303 /* CalculateLocationDelegate.swift */ = {isa = PBXFileReference; lastKnownFileType = sourcecode.swift; path = CalculateLocationDelegate.swift; sourceTree = "<group>"; };
		24FCAFB32B30930000F7F303 /* LocationDelegate.swift */ = {isa = PBXFileReference; lastKnownFileType = sourcecode.swift; path = LocationDelegate.swift; sourceTree = "<group>"; };
/* End PBXFileReference section */

/* Begin PBXFrameworksBuildPhase section */
		24BAEB152AE949BB0087C52F /* Frameworks */ = {
			isa = PBXFrameworksBuildPhase;
			buildActionMask = 2147483647;
			files = (
			);
			runOnlyForDeploymentPostprocessing = 0;
		};
		24BAEB2B2AE949BE0087C52F /* Frameworks */ = {
			isa = PBXFrameworksBuildPhase;
			buildActionMask = 2147483647;
			files = (
			);
			runOnlyForDeploymentPostprocessing = 0;
		};
		24BAEB352AE949BE0087C52F /* Frameworks */ = {
			isa = PBXFrameworksBuildPhase;
			buildActionMask = 2147483647;
			files = (
			);
			runOnlyForDeploymentPostprocessing = 0;
		};
/* End PBXFrameworksBuildPhase section */

/* Begin PBXGroup section */
		240DF34A2B31C5EF004A465A /* CoreData */ = {
			isa = PBXGroup;
			children = (
				240DF34B2B31C612004A465A /* TNVEDModel.xcdatamodeld */,
			);
			path = CoreData;
			sourceTree = "<group>";
		};
		241FA3022B0DF5100092F97E /* ViewControllers */ = {
			isa = PBXGroup;
			children = (
				24C9A8462B288378008AF2D7 /* BaseVC */,
				2492801E2B160DCA00813E6A /* TapBarController */,
			);
			path = ViewControllers;
			sourceTree = "<group>";
		};
		241FA30B2B0F2B2C0092F97E /* Extensions */ = {
			isa = PBXGroup;
			children = (
				24147EBA2B061CDD00CA980A /* CalculateTVDataSource.swift */,
				241FA2FE2B0CE4BC0092F97E /* CalculateTVDelegate.swift */,
				24C9A7F62B19D245008AF2D7 /* CalculateTransportDelegate.swift */,
				24FCAFB12B30922500F7F303 /* CalculateLocationDelegate.swift */,
			);
			path = Extensions;
			sourceTree = "<group>";
		};
		241FA30C2B0F2B530092F97E /* Extensions */ = {
			isa = PBXGroup;
			children = (
				24C9A81E2B20C891008AF2D7 /* LocationTVDataSource.swift */,
				24C9A8202B20C8AA008AF2D7 /* LocationTVDelegate.swift */,
			);
			path = Extensions;
			sourceTree = "<group>";
		};
		246C601B2B174DA5003207BE /* BaseCell */ = {
			isa = PBXGroup;
			children = (
				247B056F2AFD0F1500B1336C /* BaseCell.swift */,
			);
			path = BaseCell;
			sourceTree = "<group>";
		};
		246C60A22B186ED4003207BE /* TransportVC */ = {
			isa = PBXGroup;
			children = (
				246C60A72B1878EE003207BE /* Extensions */,
				246C60A32B186F0D003207BE /* TransportViewController.swift */,
			);
			path = TransportVC;
			sourceTree = "<group>";
		};
		246C60A72B1878EE003207BE /* Extensions */ = {
			isa = PBXGroup;
			children = (
				246C60A82B187959003207BE /* TransportTVDataSource.swift */,
				246C60AA2B187A0F003207BE /* TransportTVDelegate.swift */,
			);
			path = Extensions;
			sourceTree = "<group>";
		};
		247B056E2AFCD3F500B1336C /* Cell */ = {
			isa = PBXGroup;
			children = (
				24147EB42B04A61500CA980A /* QuestionViewCell.swift */,
			);
			path = Cell;
			sourceTree = "<group>";
		};
		2486532D2B0F408400D07F42 /* MainVC */ = {
			isa = PBXGroup;
			children = (
				24C9A8032B1DC369008AF2D7 /* Button */,
				24BAEB6A2AF956640087C52F /* MainViewController.swift */,
			);
			path = MainVC;
			sourceTree = "<group>";
		};
		2486532E2B1489D300D07F42 /* CalculateVC */ = {
			isa = PBXGroup;
			children = (
				246C60A22B186ED4003207BE /* TransportVC */,
				24C9A83E2B288155008AF2D7 /* CountriesVC */,
				241FA30B2B0F2B2C0092F97E /* Extensions */,
				247B056E2AFCD3F500B1336C /* Cell */,
				24BAEB1F2AE949BB0087C52F /* CalculateViewController.swift */,
			);
			path = CalculateVC;
			sourceTree = "<group>";
		};
		2486532F2B1489F200D07F42 /* LocationVC */ = {
			isa = PBXGroup;
			children = (
				241FA30C2B0F2B530092F97E /* Extensions */,
				241FA3032B0DF55B0092F97E /* LocationViewController.swift */,
			);
			path = LocationVC;
			sourceTree = "<group>";
		};
		2492801E2B160DCA00813E6A /* TapBarController */ = {
			isa = PBXGroup;
			children = (
				24BAEB682AF94E6E0087C52F /* MainTabBarController.swift */,
			);
			path = TapBarController;
			sourceTree = "<group>";
		};
		24BAEB0F2AE949BB0087C52F = {
			isa = PBXGroup;
			children = (
				24BAEB1A2AE949BB0087C52F /* NewEasyWay */,
				24BAEB312AE949BE0087C52F /* NewEasyWayTests */,
				24BAEB3B2AE949BE0087C52F /* NewEasyWayUITests */,
				24BAEB192AE949BB0087C52F /* Products */,
			);
			sourceTree = "<group>";
		};
		24BAEB192AE949BB0087C52F /* Products */ = {
			isa = PBXGroup;
			children = (
				24BAEB182AE949BB0087C52F /* NewEasyWay.app */,
				24BAEB2E2AE949BE0087C52F /* NewEasyWayTests.xctest */,
				24BAEB382AE949BE0087C52F /* NewEasyWayUITests.xctest */,
			);
			name = Products;
			sourceTree = "<group>";
		};
		24BAEB1A2AE949BB0087C52F /* NewEasyWay */ = {
			isa = PBXGroup;
			children = (
				240DF34A2B31C5EF004A465A /* CoreData */,
				24C9A8312B2713AE008AF2D7 /* Global */,
				24C9A8292B270E96008AF2D7 /* Modules */,
				24BAEB622AF942350087C52F /* AppBase */,
				24BAEB632AF9425E0087C52F /* Resources */,
				24C9A8012B1A02E0008AF2D7 /* Fonts */,
				24BAEB642AF942870087C52F /* Plist */,
			);
			path = NewEasyWay;
			sourceTree = "<group>";
		};
		24BAEB312AE949BE0087C52F /* NewEasyWayTests */ = {
			isa = PBXGroup;
			children = (
				24BAEB322AE949BE0087C52F /* NewEasyWayTests.swift */,
			);
			path = NewEasyWayTests;
			sourceTree = "<group>";
		};
		24BAEB3B2AE949BE0087C52F /* NewEasyWayUITests */ = {
			isa = PBXGroup;
			children = (
				24BAEB3C2AE949BE0087C52F /* NewEasyWayUITests.swift */,
				24BAEB3E2AE949BE0087C52F /* NewEasyWayUITestsLaunchTests.swift */,
			);
			path = NewEasyWayUITests;
			sourceTree = "<group>";
		};
		24BAEB4B2AF931D10087C52F /* Model */ = {
			isa = PBXGroup;
			children = (
				247B05712B0241CA00B1336C /* CellData.swift */,
			);
			path = Model;
			sourceTree = "<group>";
		};
		24BAEB4E2AF933290087C52F /* Protocols */ = {
			isa = PBXGroup;
			children = (
				24147EB82B06153E00CA980A /* CellConfigurable.swift */,
			);
			path = Protocols;
			sourceTree = "<group>";
		};
		24BAEB512AF93C130087C52F /* Transport */ = {
			isa = PBXGroup;
			children = (
				24BAEB522AF93C430087C52F /* AutoTransport.swift */,
				24BAEB542AF93CBA0087C52F /* AirTransport.swift */,
				24BAEB562AF93D0B0087C52F /* RailwayTransport.swift */,
				24BAEB5F2AF93FF80087C52F /* SeaTransport.swift */,
				24BAEB582AF93D470087C52F /* MultimodalTransport.swift */,
			);
			path = Transport;
			sourceTree = "<group>";
		};
		24BAEB5A2AF93DD40087C52F /* Factory */ = {
			isa = PBXGroup;
			children = (
				24BAEB5B2AF93E080087C52F /* TransportFactory.swift */,
				24BAEB5D2AF93F3C0087C52F /* ConcreteTransportFactory.swift */,
			);
			path = Factory;
			sourceTree = "<group>";
		};
		24BAEB612AF940B90087C52F /* View */ = {
			isa = PBXGroup;
			children = (
				246C601B2B174DA5003207BE /* BaseCell */,
				241FA3022B0DF5100092F97E /* ViewControllers */,
			);
			path = View;
			sourceTree = "<group>";
		};
		24BAEB622AF942350087C52F /* AppBase */ = {
			isa = PBXGroup;
			children = (
				24BAEB1B2AE949BB0087C52F /* AppDelegate.swift */,
				24BAEB1D2AE949BB0087C52F /* SceneDelegate.swift */,
				24BAEB262AE949BE0087C52F /* LaunchScreen.storyboard */,
			);
			path = AppBase;
			sourceTree = "<group>";
		};
		24BAEB632AF9425E0087C52F /* Resources */ = {
			isa = PBXGroup;
			children = (
				24BAEB242AE949BE0087C52F /* Assets.xcassets */,
			);
			path = Resources;
			sourceTree = "<group>";
		};
		24BAEB642AF942870087C52F /* Plist */ = {
			isa = PBXGroup;
			children = (
				24BAEB292AE949BE0087C52F /* Info.plist */,
			);
			path = Plist;
			sourceTree = "<group>";
		};
		24BAEB652AF944B50087C52F /* ViewModel */ = {
			isa = PBXGroup;
			children = (
				246C60B42B18F007003207BE /* CalculatorViewModel.swift */,
			);
			path = ViewModel;
			sourceTree = "<group>";
		};
		24BAEB6C2AFA878D0087C52F /* Extensions */ = {
			isa = PBXGroup;
			children = (
				241FA3002B0CE4EB0092F97E /* UIColor.swift */,
				246C60A52B18731E003207BE /* CreateTableView.swift */,
				24C9A7FB2B19F4FF008AF2D7 /* CreateButton.swift */,
				24C9A81C2B20ABA9008AF2D7 /* CreateLogoImageView.swift */,
				24C9A8492B28A58E008AF2D7 /* String.swift */,
			);
			path = Extensions;
			sourceTree = "<group>";
		};
		24C9A7F82B19ED4E008AF2D7 /* RequestVC */ = {
			isa = PBXGroup;
			children = (
				24C9A8242B2335A5008AF2D7 /* Extension */,
				24C9A7F92B19EDCA008AF2D7 /* RequestViewController.swift */,
			);
			path = RequestVC;
			sourceTree = "<group>";
		};
		24C9A7FD2B19FC5D008AF2D7 /* ContactsVC */ = {
			isa = PBXGroup;
			children = (
				24C9A8152B1F54C8008AF2D7 /* DetailsVC */,
				24C9A80C2B1E04DC008AF2D7 /* Cell */,
				24C9A8072B1DDCD0008AF2D7 /* Extensions */,
				24C9A7FE2B19FC8B008AF2D7 /* ContactsViewController.swift */,
				24C9A8112B1F2896008AF2D7 /* ContactsFooterView.swift */,
			);
			path = ContactsVC;
			sourceTree = "<group>";
		};
		24C9A8012B1A02E0008AF2D7 /* Fonts */ = {
			isa = PBXGroup;
			children = (
				24C9A8022B1A030F008AF2D7 /* Yeseva One.ttf */,
			);
			path = Fonts;
			sourceTree = "<group>";
		};
		24C9A8032B1DC369008AF2D7 /* Button */ = {
			isa = PBXGroup;
			children = (
				24C9A8042B1DC38E008AF2D7 /* ProfileButton.swift */,
			);
			path = Button;
			sourceTree = "<group>";
		};
		24C9A8072B1DDCD0008AF2D7 /* Extensions */ = {
			isa = PBXGroup;
			children = (
				24C9A8082B1DDCFC008AF2D7 /* ContactsTVDS.swift */,
				24C9A80A2B1DDE9D008AF2D7 /* ContactsTVDelegate.swift */,
				24C9A8132B1F3CED008AF2D7 /* ContactsFooterDelegate.swift */,
			);
			path = Extensions;
			sourceTree = "<group>";
		};
		24C9A80C2B1E04DC008AF2D7 /* Cell */ = {
			isa = PBXGroup;
			children = (
				24C9A80D2B1E04F4008AF2D7 /* ContactViewCell.swift */,
			);
			path = Cell;
			sourceTree = "<group>";
		};
		24C9A8152B1F54C8008AF2D7 /* DetailsVC */ = {
			isa = PBXGroup;
			children = (
				24C9A8182B1F624F008AF2D7 /* DetailsViewController.swift */,
			);
			path = DetailsVC;
			sourceTree = "<group>";
		};
		24C9A8242B2335A5008AF2D7 /* Extension */ = {
			isa = PBXGroup;
			children = (
				24C9A8252B2335CD008AF2D7 /* RequestTVDataSource.swift */,
				24C9A8272B2335E0008AF2D7 /* RequestTVDelegate.swift */,
			);
			path = Extension;
			sourceTree = "<group>";
		};
		24C9A8292B270E96008AF2D7 /* Modules */ = {
			isa = PBXGroup;
			children = (
				24C9A82D2B27130A008AF2D7 /* Profile */,
				24C9A8352B2715A3008AF2D7 /* Main */,
				24C9A82A2B271125008AF2D7 /* Calculate */,
				24C9A8332B271534008AF2D7 /* Request */,
				24C9A82E2B27132A008AF2D7 /* Contacts */,
			);
			path = Modules;
			sourceTree = "<group>";
		};
		24C9A82A2B271125008AF2D7 /* Calculate */ = {
			isa = PBXGroup;
			children = (
				24C9A8302B27136F008AF2D7 /* Protocols */,
				24C9A82C2B2712BE008AF2D7 /* Model */,
				24C9A82B2B271202008AF2D7 /* View */,
				24BAEB652AF944B50087C52F /* ViewModel */,
				24BAEB5A2AF93DD40087C52F /* Factory */,
				24BAEB512AF93C130087C52F /* Transport */,
			);
			path = Calculate;
			sourceTree = "<group>";
		};
		24C9A82B2B271202008AF2D7 /* View */ = {
			isa = PBXGroup;
			children = (
				2486532E2B1489D300D07F42 /* CalculateVC */,
			);
			path = View;
			sourceTree = "<group>";
		};
		24C9A82C2B2712BE008AF2D7 /* Model */ = {
			isa = PBXGroup;
			children = (
				24BAEB4C2AF932880087C52F /* ShippingRequest.swift */,
				24BAEB662AF944FA0087C52F /* CalculateModel.swift */,
				246C60AE2B18E868003207BE /* TransportModel.swift */,
				246C60A02B178F09003207BE /* ShippingDatabase.swift */,
			);
			path = Model;
			sourceTree = "<group>";
		};
		24C9A82D2B27130A008AF2D7 /* Profile */ = {
			isa = PBXGroup;
			children = (
			);
			path = Profile;
			sourceTree = "<group>";
		};
		24C9A82E2B27132A008AF2D7 /* Contacts */ = {
			isa = PBXGroup;
			children = (
				24C9A82F2B27133D008AF2D7 /* Model */,
				24C9A8322B2713E8008AF2D7 /* ViewControllers */,
			);
			path = Contacts;
			sourceTree = "<group>";
		};
		24C9A82F2B27133D008AF2D7 /* Model */ = {
			isa = PBXGroup;
			children = (
				24C9A80F2B1E1746008AF2D7 /* ContactsModel.swift */,
				24C9A81A2B1F6F22008AF2D7 /* DetailsContactsModel.swift */,
				24C9A8372B272B5A008AF2D7 /* ContactsManager.swift */,
			);
			path = Model;
			sourceTree = "<group>";
		};
		24C9A8302B27136F008AF2D7 /* Protocols */ = {
			isa = PBXGroup;
			children = (
				24BAEB4F2AF933500087C52F /* TransportProtocol.swift */,
				24C9A7F42B19D1BE008AF2D7 /* TransportDelegate.swift */,
				24C9A8222B222C3B008AF2D7 /* ShippingDataDelegate.swift */,
				24FCAFB32B30930000F7F303 /* LocationDelegate.swift */,
			);
			path = Protocols;
			sourceTree = "<group>";
		};
		24C9A8312B2713AE008AF2D7 /* Global */ = {
			isa = PBXGroup;
			children = (
				24BAEB4B2AF931D10087C52F /* Model */,
				24BAEB4E2AF933290087C52F /* Protocols */,
				24BAEB612AF940B90087C52F /* View */,
				24BAEB6C2AFA878D0087C52F /* Extensions */,
			);
			path = Global;
			sourceTree = "<group>";
		};
		24C9A8322B2713E8008AF2D7 /* ViewControllers */ = {
			isa = PBXGroup;
			children = (
				24C9A7FD2B19FC5D008AF2D7 /* ContactsVC */,
			);
			path = ViewControllers;
			sourceTree = "<group>";
		};
		24C9A8332B271534008AF2D7 /* Request */ = {
			isa = PBXGroup;
			children = (
				24C9A8342B271543008AF2D7 /* View */,
			);
			path = Request;
			sourceTree = "<group>";
		};
		24C9A8342B271543008AF2D7 /* View */ = {
			isa = PBXGroup;
			children = (
				24C9A7F82B19ED4E008AF2D7 /* RequestVC */,
			);
			path = View;
			sourceTree = "<group>";
		};
		24C9A8352B2715A3008AF2D7 /* Main */ = {
			isa = PBXGroup;
			children = (
				24C9A8362B2715B4008AF2D7 /* View */,
			);
			path = Main;
			sourceTree = "<group>";
		};
		24C9A8362B2715B4008AF2D7 /* View */ = {
			isa = PBXGroup;
			children = (
				2486532D2B0F408400D07F42 /* MainVC */,
			);
			path = View;
			sourceTree = "<group>";
		};
		24C9A83E2B288155008AF2D7 /* CountriesVC */ = {
			isa = PBXGroup;
			children = (
				2486532F2B1489F200D07F42 /* LocationVC */,
				24C9A8412B2882C6008AF2D7 /* Extensions */,
				24C9A83F2B2881F3008AF2D7 /* CountriesViewController.swift */,
			);
			path = CountriesVC;
			sourceTree = "<group>";
		};
		24C9A8412B2882C6008AF2D7 /* Extensions */ = {
			isa = PBXGroup;
			children = (
				24C9A8422B2882EB008AF2D7 /* CountriesTVDataSource.swift */,
				24C9A8442B288333008AF2D7 /* CountriesTVDelegate.swift */,
			);
			path = Extensions;
			sourceTree = "<group>";
		};
		24C9A8462B288378008AF2D7 /* BaseVC */ = {
			isa = PBXGroup;
			children = (
				24C9A8472B28838D008AF2D7 /* BaseViewController.swift */,
			);
			path = BaseVC;
			sourceTree = "<group>";
		};
/* End PBXGroup section */

/* Begin PBXNativeTarget section */
		24BAEB172AE949BB0087C52F /* NewEasyWay */ = {
			isa = PBXNativeTarget;
			buildConfigurationList = 24BAEB422AE949BE0087C52F /* Build configuration list for PBXNativeTarget "NewEasyWay" */;
			buildPhases = (
				24BAEB142AE949BB0087C52F /* Sources */,
				24BAEB152AE949BB0087C52F /* Frameworks */,
				24BAEB162AE949BB0087C52F /* Resources */,
			);
			buildRules = (
			);
			dependencies = (
			);
			name = NewEasyWay;
			productName = NewEasyWay;
			productReference = 24BAEB182AE949BB0087C52F /* NewEasyWay.app */;
			productType = "com.apple.product-type.application";
		};
		24BAEB2D2AE949BE0087C52F /* NewEasyWayTests */ = {
			isa = PBXNativeTarget;
			buildConfigurationList = 24BAEB452AE949BE0087C52F /* Build configuration list for PBXNativeTarget "NewEasyWayTests" */;
			buildPhases = (
				24BAEB2A2AE949BE0087C52F /* Sources */,
				24BAEB2B2AE949BE0087C52F /* Frameworks */,
				24BAEB2C2AE949BE0087C52F /* Resources */,
			);
			buildRules = (
			);
			dependencies = (
				24BAEB302AE949BE0087C52F /* PBXTargetDependency */,
			);
			name = NewEasyWayTests;
			productName = NewEasyWayTests;
			productReference = 24BAEB2E2AE949BE0087C52F /* NewEasyWayTests.xctest */;
			productType = "com.apple.product-type.bundle.unit-test";
		};
		24BAEB372AE949BE0087C52F /* NewEasyWayUITests */ = {
			isa = PBXNativeTarget;
			buildConfigurationList = 24BAEB482AE949BE0087C52F /* Build configuration list for PBXNativeTarget "NewEasyWayUITests" */;
			buildPhases = (
				24BAEB342AE949BE0087C52F /* Sources */,
				24BAEB352AE949BE0087C52F /* Frameworks */,
				24BAEB362AE949BE0087C52F /* Resources */,
			);
			buildRules = (
			);
			dependencies = (
				24BAEB3A2AE949BE0087C52F /* PBXTargetDependency */,
			);
			name = NewEasyWayUITests;
			productName = NewEasyWayUITests;
			productReference = 24BAEB382AE949BE0087C52F /* NewEasyWayUITests.xctest */;
			productType = "com.apple.product-type.bundle.ui-testing";
		};
/* End PBXNativeTarget section */

/* Begin PBXProject section */
		24BAEB102AE949BB0087C52F /* Project object */ = {
			isa = PBXProject;
			attributes = {
				BuildIndependentTargetsInParallel = 1;
				LastSwiftUpdateCheck = 1500;
				LastUpgradeCheck = 1500;
				TargetAttributes = {
					24BAEB172AE949BB0087C52F = {
						CreatedOnToolsVersion = 15.0.1;
					};
					24BAEB2D2AE949BE0087C52F = {
						CreatedOnToolsVersion = 15.0.1;
						TestTargetID = 24BAEB172AE949BB0087C52F;
					};
					24BAEB372AE949BE0087C52F = {
						CreatedOnToolsVersion = 15.0.1;
						TestTargetID = 24BAEB172AE949BB0087C52F;
					};
				};
			};
			buildConfigurationList = 24BAEB132AE949BB0087C52F /* Build configuration list for PBXProject "NewEasyWay" */;
			compatibilityVersion = "Xcode 14.0";
			developmentRegion = en;
			hasScannedForEncodings = 0;
			knownRegions = (
				en,
				Base,
			);
			mainGroup = 24BAEB0F2AE949BB0087C52F;
			packageReferences = (
				244998F92AFB92E30063F799 /* XCRemoteSwiftPackageReference "firebase-ios-sdk" */,
			);
			productRefGroup = 24BAEB192AE949BB0087C52F /* Products */;
			projectDirPath = "";
			projectRoot = "";
			targets = (
				24BAEB172AE949BB0087C52F /* NewEasyWay */,
				24BAEB2D2AE949BE0087C52F /* NewEasyWayTests */,
				24BAEB372AE949BE0087C52F /* NewEasyWayUITests */,
			);
		};
/* End PBXProject section */

/* Begin PBXResourcesBuildPhase section */
		24BAEB162AE949BB0087C52F /* Resources */ = {
			isa = PBXResourcesBuildPhase;
			buildActionMask = 2147483647;
			files = (
				24C9A8062B1DD8C7008AF2D7 /* Yeseva One.ttf in Resources */,
				24BAEB282AE949BE0087C52F /* LaunchScreen.storyboard in Resources */,
				24BAEB252AE949BE0087C52F /* Assets.xcassets in Resources */,
			);
			runOnlyForDeploymentPostprocessing = 0;
		};
		24BAEB2C2AE949BE0087C52F /* Resources */ = {
			isa = PBXResourcesBuildPhase;
			buildActionMask = 2147483647;
			files = (
			);
			runOnlyForDeploymentPostprocessing = 0;
		};
		24BAEB362AE949BE0087C52F /* Resources */ = {
			isa = PBXResourcesBuildPhase;
			buildActionMask = 2147483647;
			files = (
			);
			runOnlyForDeploymentPostprocessing = 0;
		};
/* End PBXResourcesBuildPhase section */

/* Begin PBXSourcesBuildPhase section */
		24BAEB142AE949BB0087C52F /* Sources */ = {
			isa = PBXSourcesBuildPhase;
			buildActionMask = 2147483647;
			files = (
				24C9A84A2B28A58E008AF2D7 /* String.swift in Sources */,
				246C60A42B186F0D003207BE /* TransportViewController.swift in Sources */,
				24BAEB202AE949BB0087C52F /* CalculateViewController.swift in Sources */,
				24C9A8192B1F624F008AF2D7 /* DetailsViewController.swift in Sources */,
				24C9A7F52B19D1BE008AF2D7 /* TransportDelegate.swift in Sources */,
				246C60A12B178F09003207BE /* ShippingDatabase.swift in Sources */,
				24C9A8482B28838D008AF2D7 /* BaseViewController.swift in Sources */,
				24BAEB592AF93D470087C52F /* MultimodalTransport.swift in Sources */,
				24C9A8432B2882EB008AF2D7 /* CountriesTVDataSource.swift in Sources */,
				24C9A7FF2B19FC8B008AF2D7 /* ContactsViewController.swift in Sources */,
				24C9A8122B1F2896008AF2D7 /* ContactsFooterView.swift in Sources */,
				241FA2FF2B0CE4BC0092F97E /* CalculateTVDelegate.swift in Sources */,
				24147EBB2B061CDD00CA980A /* CalculateTVDataSource.swift in Sources */,
				240DF34D2B31C612004A465A /* TNVEDModel.xcdatamodeld in Sources */,
				24C9A8382B272B5A008AF2D7 /* ContactsManager.swift in Sources */,
				24BAEB502AF933500087C52F /* TransportProtocol.swift in Sources */,
				24C9A81D2B20ABA9008AF2D7 /* CreateLogoImageView.swift in Sources */,
				24BAEB602AF93FF80087C52F /* SeaTransport.swift in Sources */,
				24C9A8262B2335CD008AF2D7 /* RequestTVDataSource.swift in Sources */,
				24BAEB1C2AE949BB0087C52F /* AppDelegate.swift in Sources */,
				24C9A81B2B1F6F22008AF2D7 /* DetailsContactsModel.swift in Sources */,
				24BAEB552AF93CBA0087C52F /* AirTransport.swift in Sources */,
				246C60B52B18F008003207BE /* CalculatorViewModel.swift in Sources */,
				246C60AB2B187A0F003207BE /* TransportTVDelegate.swift in Sources */,
				24C9A8212B20C8AA008AF2D7 /* LocationTVDelegate.swift in Sources */,
				24C9A8102B1E1746008AF2D7 /* ContactsModel.swift in Sources */,
				24C9A7FC2B19F4FF008AF2D7 /* CreateButton.swift in Sources */,
				24C9A80B2B1DDE9D008AF2D7 /* ContactsTVDelegate.swift in Sources */,
				24C9A8052B1DC38E008AF2D7 /* ProfileButton.swift in Sources */,
				246C60AF2B18E868003207BE /* TransportModel.swift in Sources */,
				24C9A8142B1F3CED008AF2D7 /* ContactsFooterDelegate.swift in Sources */,
				24BAEB1E2AE949BB0087C52F /* SceneDelegate.swift in Sources */,
				24BAEB5C2AF93E080087C52F /* TransportFactory.swift in Sources */,
				24C9A7F72B19D245008AF2D7 /* CalculateTransportDelegate.swift in Sources */,
				246C60A92B187959003207BE /* TransportTVDataSource.swift in Sources */,
				24BAEB672AF944FA0087C52F /* CalculateModel.swift in Sources */,
				241FA3012B0CE4EB0092F97E /* UIColor.swift in Sources */,
				24C9A7FA2B19EDCA008AF2D7 /* RequestViewController.swift in Sources */,
				24BAEB6B2AF956640087C52F /* MainViewController.swift in Sources */,
				247B05722B0241CA00B1336C /* CellData.swift in Sources */,
				246C60A62B18731E003207BE /* CreateTableView.swift in Sources */,
				241FA3042B0DF55B0092F97E /* LocationViewController.swift in Sources */,
				24C9A81F2B20C892008AF2D7 /* LocationTVDataSource.swift in Sources */,
				24BAEB5E2AF93F3C0087C52F /* ConcreteTransportFactory.swift in Sources */,
				24BAEB692AF94E6E0087C52F /* MainTabBarController.swift in Sources */,
				24BAEB532AF93C430087C52F /* AutoTransport.swift in Sources */,
				24147EB92B06153E00CA980A /* CellConfigurable.swift in Sources */,
				24147EB52B04A61500CA980A /* QuestionViewCell.swift in Sources */,
				24C9A8092B1DDCFC008AF2D7 /* ContactsTVDS.swift in Sources */,
				247B05702AFD0F1500B1336C /* BaseCell.swift in Sources */,
				24FCAFB22B30922500F7F303 /* CalculateLocationDelegate.swift in Sources */,
				24C9A8232B222C3B008AF2D7 /* ShippingDataDelegate.swift in Sources */,
				24BAEB4D2AF932880087C52F /* ShippingRequest.swift in Sources */,
				24C9A8452B288333008AF2D7 /* CountriesTVDelegate.swift in Sources */,
				24C9A8402B2881F3008AF2D7 /* CountriesViewController.swift in Sources */,
				24BAEB572AF93D0B0087C52F /* RailwayTransport.swift in Sources */,
				24FCAFB42B30930000F7F303 /* LocationDelegate.swift in Sources */,
				24C9A80E2B1E04F4008AF2D7 /* ContactViewCell.swift in Sources */,
				24C9A8282B2335E0008AF2D7 /* RequestTVDelegate.swift in Sources */,
			);
			runOnlyForDeploymentPostprocessing = 0;
		};
		24BAEB2A2AE949BE0087C52F /* Sources */ = {
			isa = PBXSourcesBuildPhase;
			buildActionMask = 2147483647;
			files = (
				24BAEB332AE949BE0087C52F /* NewEasyWayTests.swift in Sources */,
			);
			runOnlyForDeploymentPostprocessing = 0;
		};
		24BAEB342AE949BE0087C52F /* Sources */ = {
			isa = PBXSourcesBuildPhase;
			buildActionMask = 2147483647;
			files = (
				24BAEB3D2AE949BE0087C52F /* NewEasyWayUITests.swift in Sources */,
				24BAEB3F2AE949BE0087C52F /* NewEasyWayUITestsLaunchTests.swift in Sources */,
			);
			runOnlyForDeploymentPostprocessing = 0;
		};
/* End PBXSourcesBuildPhase section */

/* Begin PBXTargetDependency section */
		24BAEB302AE949BE0087C52F /* PBXTargetDependency */ = {
			isa = PBXTargetDependency;
			target = 24BAEB172AE949BB0087C52F /* NewEasyWay */;
			targetProxy = 24BAEB2F2AE949BE0087C52F /* PBXContainerItemProxy */;
		};
		24BAEB3A2AE949BE0087C52F /* PBXTargetDependency */ = {
			isa = PBXTargetDependency;
			target = 24BAEB172AE949BB0087C52F /* NewEasyWay */;
			targetProxy = 24BAEB392AE949BE0087C52F /* PBXContainerItemProxy */;
		};
/* End PBXTargetDependency section */

/* Begin PBXVariantGroup section */
		24BAEB262AE949BE0087C52F /* LaunchScreen.storyboard */ = {
			isa = PBXVariantGroup;
			children = (
				24BAEB272AE949BE0087C52F /* Base */,
			);
			name = LaunchScreen.storyboard;
			sourceTree = "<group>";
		};
/* End PBXVariantGroup section */

/* Begin XCBuildConfiguration section */
		24BAEB402AE949BE0087C52F /* Debug */ = {
			isa = XCBuildConfiguration;
			buildSettings = {
				ALWAYS_SEARCH_USER_PATHS = NO;
				ASSETCATALOG_COMPILER_GENERATE_SWIFT_ASSET_SYMBOL_EXTENSIONS = YES;
				CLANG_ANALYZER_NONNULL = YES;
				CLANG_ANALYZER_NUMBER_OBJECT_CONVERSION = YES_AGGRESSIVE;
				CLANG_CXX_LANGUAGE_STANDARD = "gnu++20";
				CLANG_ENABLE_MODULES = YES;
				CLANG_ENABLE_OBJC_ARC = YES;
				CLANG_ENABLE_OBJC_WEAK = YES;
				CLANG_WARN_BLOCK_CAPTURE_AUTORELEASING = YES;
				CLANG_WARN_BOOL_CONVERSION = YES;
				CLANG_WARN_COMMA = YES;
				CLANG_WARN_CONSTANT_CONVERSION = YES;
				CLANG_WARN_DEPRECATED_OBJC_IMPLEMENTATIONS = YES;
				CLANG_WARN_DIRECT_OBJC_ISA_USAGE = YES_ERROR;
				CLANG_WARN_DOCUMENTATION_COMMENTS = YES;
				CLANG_WARN_EMPTY_BODY = YES;
				CLANG_WARN_ENUM_CONVERSION = YES;
				CLANG_WARN_INFINITE_RECURSION = YES;
				CLANG_WARN_INT_CONVERSION = YES;
				CLANG_WARN_NON_LITERAL_NULL_CONVERSION = YES;
				CLANG_WARN_OBJC_IMPLICIT_RETAIN_SELF = YES;
				CLANG_WARN_OBJC_LITERAL_CONVERSION = YES;
				CLANG_WARN_OBJC_ROOT_CLASS = YES_ERROR;
				CLANG_WARN_QUOTED_INCLUDE_IN_FRAMEWORK_HEADER = YES;
				CLANG_WARN_RANGE_LOOP_ANALYSIS = YES;
				CLANG_WARN_STRICT_PROTOTYPES = YES;
				CLANG_WARN_SUSPICIOUS_MOVE = YES;
				CLANG_WARN_UNGUARDED_AVAILABILITY = YES_AGGRESSIVE;
				CLANG_WARN_UNREACHABLE_CODE = YES;
				CLANG_WARN__DUPLICATE_METHOD_MATCH = YES;
				COPY_PHASE_STRIP = NO;
				DEBUG_INFORMATION_FORMAT = dwarf;
				ENABLE_STRICT_OBJC_MSGSEND = YES;
				ENABLE_TESTABILITY = YES;
				ENABLE_USER_SCRIPT_SANDBOXING = YES;
				GCC_C_LANGUAGE_STANDARD = gnu17;
				GCC_DYNAMIC_NO_PIC = NO;
				GCC_NO_COMMON_BLOCKS = YES;
				GCC_OPTIMIZATION_LEVEL = 0;
				GCC_PREPROCESSOR_DEFINITIONS = (
					"DEBUG=1",
					"$(inherited)",
				);
				GCC_WARN_64_TO_32_BIT_CONVERSION = YES;
				GCC_WARN_ABOUT_RETURN_TYPE = YES_ERROR;
				GCC_WARN_UNDECLARED_SELECTOR = YES;
				GCC_WARN_UNINITIALIZED_AUTOS = YES_AGGRESSIVE;
				GCC_WARN_UNUSED_FUNCTION = YES;
				GCC_WARN_UNUSED_VARIABLE = YES;
				IPHONEOS_DEPLOYMENT_TARGET = 16.2;
				LOCALIZATION_PREFERS_STRING_CATALOGS = YES;
				MTL_ENABLE_DEBUG_INFO = INCLUDE_SOURCE;
				MTL_FAST_MATH = YES;
				ONLY_ACTIVE_ARCH = YES;
				SDKROOT = iphoneos;
				SWIFT_ACTIVE_COMPILATION_CONDITIONS = "DEBUG $(inherited)";
				SWIFT_OPTIMIZATION_LEVEL = "-Onone";
			};
			name = Debug;
		};
		24BAEB412AE949BE0087C52F /* Release */ = {
			isa = XCBuildConfiguration;
			buildSettings = {
				ALWAYS_SEARCH_USER_PATHS = NO;
				ASSETCATALOG_COMPILER_GENERATE_SWIFT_ASSET_SYMBOL_EXTENSIONS = YES;
				CLANG_ANALYZER_NONNULL = YES;
				CLANG_ANALYZER_NUMBER_OBJECT_CONVERSION = YES_AGGRESSIVE;
				CLANG_CXX_LANGUAGE_STANDARD = "gnu++20";
				CLANG_ENABLE_MODULES = YES;
				CLANG_ENABLE_OBJC_ARC = YES;
				CLANG_ENABLE_OBJC_WEAK = YES;
				CLANG_WARN_BLOCK_CAPTURE_AUTORELEASING = YES;
				CLANG_WARN_BOOL_CONVERSION = YES;
				CLANG_WARN_COMMA = YES;
				CLANG_WARN_CONSTANT_CONVERSION = YES;
				CLANG_WARN_DEPRECATED_OBJC_IMPLEMENTATIONS = YES;
				CLANG_WARN_DIRECT_OBJC_ISA_USAGE = YES_ERROR;
				CLANG_WARN_DOCUMENTATION_COMMENTS = YES;
				CLANG_WARN_EMPTY_BODY = YES;
				CLANG_WARN_ENUM_CONVERSION = YES;
				CLANG_WARN_INFINITE_RECURSION = YES;
				CLANG_WARN_INT_CONVERSION = YES;
				CLANG_WARN_NON_LITERAL_NULL_CONVERSION = YES;
				CLANG_WARN_OBJC_IMPLICIT_RETAIN_SELF = YES;
				CLANG_WARN_OBJC_LITERAL_CONVERSION = YES;
				CLANG_WARN_OBJC_ROOT_CLASS = YES_ERROR;
				CLANG_WARN_QUOTED_INCLUDE_IN_FRAMEWORK_HEADER = YES;
				CLANG_WARN_RANGE_LOOP_ANALYSIS = YES;
				CLANG_WARN_STRICT_PROTOTYPES = YES;
				CLANG_WARN_SUSPICIOUS_MOVE = YES;
				CLANG_WARN_UNGUARDED_AVAILABILITY = YES_AGGRESSIVE;
				CLANG_WARN_UNREACHABLE_CODE = YES;
				CLANG_WARN__DUPLICATE_METHOD_MATCH = YES;
				COPY_PHASE_STRIP = NO;
				DEBUG_INFORMATION_FORMAT = "dwarf-with-dsym";
				ENABLE_NS_ASSERTIONS = NO;
				ENABLE_STRICT_OBJC_MSGSEND = YES;
				ENABLE_USER_SCRIPT_SANDBOXING = YES;
				GCC_C_LANGUAGE_STANDARD = gnu17;
				GCC_NO_COMMON_BLOCKS = YES;
				GCC_WARN_64_TO_32_BIT_CONVERSION = YES;
				GCC_WARN_ABOUT_RETURN_TYPE = YES_ERROR;
				GCC_WARN_UNDECLARED_SELECTOR = YES;
				GCC_WARN_UNINITIALIZED_AUTOS = YES_AGGRESSIVE;
				GCC_WARN_UNUSED_FUNCTION = YES;
				GCC_WARN_UNUSED_VARIABLE = YES;
				IPHONEOS_DEPLOYMENT_TARGET = 16.2;
				LOCALIZATION_PREFERS_STRING_CATALOGS = YES;
				MTL_ENABLE_DEBUG_INFO = NO;
				MTL_FAST_MATH = YES;
				SDKROOT = iphoneos;
				SWIFT_COMPILATION_MODE = wholemodule;
				VALIDATE_PRODUCT = YES;
			};
			name = Release;
		};
		24BAEB432AE949BE0087C52F /* Debug */ = {
			isa = XCBuildConfiguration;
			buildSettings = {
				ASSETCATALOG_COMPILER_APPICON_NAME = AppIcon;
				ASSETCATALOG_COMPILER_GLOBAL_ACCENT_COLOR_NAME = AccentColor;
				CODE_SIGN_STYLE = Automatic;
				CURRENT_PROJECT_VERSION = 1;
				DEVELOPMENT_TEAM = B497B3XW8R;
				GENERATE_INFOPLIST_FILE = YES;
				INFOPLIST_FILE = NewEasyWay/Plist/Info.plist;
				INFOPLIST_KEY_UIApplicationSupportsIndirectInputEvents = YES;
				INFOPLIST_KEY_UILaunchStoryboardName = LaunchScreen;
				INFOPLIST_KEY_UIMainStoryboardFile = "";
				INFOPLIST_KEY_UISupportedInterfaceOrientations = UIInterfaceOrientationPortrait;
				IPHONEOS_DEPLOYMENT_TARGET = 16.2;
				LD_RUNPATH_SEARCH_PATHS = (
					"$(inherited)",
					"@executable_path/Frameworks",
				);
				MARKETING_VERSION = 1.0;
				PRODUCT_BUNDLE_IDENTIFIER = NewEasyWay.NewEasyWay;
				PRODUCT_NAME = "$(TARGET_NAME)";
				SUPPORTED_PLATFORMS = "iphoneos iphonesimulator";
				SUPPORTS_MACCATALYST = NO;
				SWIFT_EMIT_LOC_STRINGS = YES;
				SWIFT_VERSION = 5.0;
				TARGETED_DEVICE_FAMILY = 1;
			};
			name = Debug;
		};
		24BAEB442AE949BE0087C52F /* Release */ = {
			isa = XCBuildConfiguration;
			buildSettings = {
				ASSETCATALOG_COMPILER_APPICON_NAME = AppIcon;
				ASSETCATALOG_COMPILER_GLOBAL_ACCENT_COLOR_NAME = AccentColor;
				CODE_SIGN_STYLE = Automatic;
				CURRENT_PROJECT_VERSION = 1;
				DEVELOPMENT_TEAM = B497B3XW8R;
				GENERATE_INFOPLIST_FILE = YES;
				INFOPLIST_FILE = NewEasyWay/Plist/Info.plist;
				INFOPLIST_KEY_UIApplicationSupportsIndirectInputEvents = YES;
				INFOPLIST_KEY_UILaunchStoryboardName = LaunchScreen;
				INFOPLIST_KEY_UIMainStoryboardFile = "";
				INFOPLIST_KEY_UISupportedInterfaceOrientations = UIInterfaceOrientationPortrait;
				IPHONEOS_DEPLOYMENT_TARGET = 16.2;
				LD_RUNPATH_SEARCH_PATHS = (
					"$(inherited)",
					"@executable_path/Frameworks",
				);
				MARKETING_VERSION = 1.0;
				PRODUCT_BUNDLE_IDENTIFIER = NewEasyWay.NewEasyWay;
				PRODUCT_NAME = "$(TARGET_NAME)";
				SUPPORTED_PLATFORMS = "iphoneos iphonesimulator";
				SUPPORTS_MACCATALYST = NO;
				SWIFT_EMIT_LOC_STRINGS = YES;
				SWIFT_VERSION = 5.0;
				TARGETED_DEVICE_FAMILY = 1;
			};
			name = Release;
		};
		24BAEB462AE949BE0087C52F /* Debug */ = {
			isa = XCBuildConfiguration;
			buildSettings = {
				ALWAYS_EMBED_SWIFT_STANDARD_LIBRARIES = YES;
				BUNDLE_LOADER = "$(TEST_HOST)";
				CODE_SIGN_STYLE = Automatic;
				CURRENT_PROJECT_VERSION = 1;
				GENERATE_INFOPLIST_FILE = YES;
				IPHONEOS_DEPLOYMENT_TARGET = 17.0;
				MARKETING_VERSION = 1.0;
				PRODUCT_BUNDLE_IDENTIFIER = NewEasyWay.NewEasyWayTests;
				PRODUCT_NAME = "$(TARGET_NAME)";
				SWIFT_EMIT_LOC_STRINGS = NO;
				SWIFT_VERSION = 5.0;
				TARGETED_DEVICE_FAMILY = "1,2";
				TEST_HOST = "$(BUILT_PRODUCTS_DIR)/NewEasyWay.app/$(BUNDLE_EXECUTABLE_FOLDER_PATH)/NewEasyWay";
			};
			name = Debug;
		};
		24BAEB472AE949BE0087C52F /* Release */ = {
			isa = XCBuildConfiguration;
			buildSettings = {
				ALWAYS_EMBED_SWIFT_STANDARD_LIBRARIES = YES;
				BUNDLE_LOADER = "$(TEST_HOST)";
				CODE_SIGN_STYLE = Automatic;
				CURRENT_PROJECT_VERSION = 1;
				GENERATE_INFOPLIST_FILE = YES;
				IPHONEOS_DEPLOYMENT_TARGET = 17.0;
				MARKETING_VERSION = 1.0;
				PRODUCT_BUNDLE_IDENTIFIER = NewEasyWay.NewEasyWayTests;
				PRODUCT_NAME = "$(TARGET_NAME)";
				SWIFT_EMIT_LOC_STRINGS = NO;
				SWIFT_VERSION = 5.0;
				TARGETED_DEVICE_FAMILY = "1,2";
				TEST_HOST = "$(BUILT_PRODUCTS_DIR)/NewEasyWay.app/$(BUNDLE_EXECUTABLE_FOLDER_PATH)/NewEasyWay";
			};
			name = Release;
		};
		24BAEB492AE949BE0087C52F /* Debug */ = {
			isa = XCBuildConfiguration;
			buildSettings = {
				ALWAYS_EMBED_SWIFT_STANDARD_LIBRARIES = YES;
				CODE_SIGN_STYLE = Automatic;
				CURRENT_PROJECT_VERSION = 1;
				GENERATE_INFOPLIST_FILE = YES;
				MARKETING_VERSION = 1.0;
				PRODUCT_BUNDLE_IDENTIFIER = NewEasyWay.NewEasyWayUITests;
				PRODUCT_NAME = "$(TARGET_NAME)";
				SWIFT_EMIT_LOC_STRINGS = NO;
				SWIFT_VERSION = 5.0;
				TARGETED_DEVICE_FAMILY = "1,2";
				TEST_TARGET_NAME = NewEasyWay;
			};
			name = Debug;
		};
		24BAEB4A2AE949BE0087C52F /* Release */ = {
			isa = XCBuildConfiguration;
			buildSettings = {
				ALWAYS_EMBED_SWIFT_STANDARD_LIBRARIES = YES;
				CODE_SIGN_STYLE = Automatic;
				CURRENT_PROJECT_VERSION = 1;
				GENERATE_INFOPLIST_FILE = YES;
				MARKETING_VERSION = 1.0;
				PRODUCT_BUNDLE_IDENTIFIER = NewEasyWay.NewEasyWayUITests;
				PRODUCT_NAME = "$(TARGET_NAME)";
				SWIFT_EMIT_LOC_STRINGS = NO;
				SWIFT_VERSION = 5.0;
				TARGETED_DEVICE_FAMILY = "1,2";
				TEST_TARGET_NAME = NewEasyWay;
			};
			name = Release;
		};
/* End XCBuildConfiguration section */

/* Begin XCConfigurationList section */
		24BAEB132AE949BB0087C52F /* Build configuration list for PBXProject "NewEasyWay" */ = {
			isa = XCConfigurationList;
			buildConfigurations = (
				24BAEB402AE949BE0087C52F /* Debug */,
				24BAEB412AE949BE0087C52F /* Release */,
			);
			defaultConfigurationIsVisible = 0;
			defaultConfigurationName = Release;
		};
		24BAEB422AE949BE0087C52F /* Build configuration list for PBXNativeTarget "NewEasyWay" */ = {
			isa = XCConfigurationList;
			buildConfigurations = (
				24BAEB432AE949BE0087C52F /* Debug */,
				24BAEB442AE949BE0087C52F /* Release */,
			);
			defaultConfigurationIsVisible = 0;
			defaultConfigurationName = Release;
		};
		24BAEB452AE949BE0087C52F /* Build configuration list for PBXNativeTarget "NewEasyWayTests" */ = {
			isa = XCConfigurationList;
			buildConfigurations = (
				24BAEB462AE949BE0087C52F /* Debug */,
				24BAEB472AE949BE0087C52F /* Release */,
			);
			defaultConfigurationIsVisible = 0;
			defaultConfigurationName = Release;
		};
		24BAEB482AE949BE0087C52F /* Build configuration list for PBXNativeTarget "NewEasyWayUITests" */ = {
			isa = XCConfigurationList;
			buildConfigurations = (
				24BAEB492AE949BE0087C52F /* Debug */,
				24BAEB4A2AE949BE0087C52F /* Release */,
			);
			defaultConfigurationIsVisible = 0;
			defaultConfigurationName = Release;
		};
/* End XCConfigurationList section */

/* Begin XCRemoteSwiftPackageReference section */
		244998F92AFB92E30063F799 /* XCRemoteSwiftPackageReference "firebase-ios-sdk" */ = {
			isa = XCRemoteSwiftPackageReference;
			repositoryURL = "https://github.com/firebase/firebase-ios-sdk";
			requirement = {
				kind = upToNextMajorVersion;
				minimumVersion = 10.17.0;
			};
		};
/* End XCRemoteSwiftPackageReference section */

/* Begin XCVersionGroup section */
		240DF34B2B31C612004A465A /* TNVEDModel.xcdatamodeld */ = {
			isa = XCVersionGroup;
			children = (
				240DF34C2B31C612004A465A /* TNVEDModel.xcdatamodel */,
			);
			currentVersion = 240DF34C2B31C612004A465A /* TNVEDModel.xcdatamodel */;
			path = TNVEDModel.xcdatamodeld;
			sourceTree = "<group>";
			versionGroupType = wrapper.xcdatamodel;
		};
/* End XCVersionGroup section */
	};
	rootObject = 24BAEB102AE949BB0087C52F /* Project object */;
}
